
Microsoft Visual Studio Solution File, Format Version 12.00
# Visual Studio Version 16
VisualStudioVersion = 16.0.31410.357
MinimumVisualStudioVersion = 10.0.40219.1
Project("{FAE04EC0-301F-11D3-BF4B-00C04F79EFBC}") = "RedingtonMiniProject.Api", "RedingtonMiniProject.Api\RedingtonMiniProject.Api.csproj", "{98418BA4-9109-430B-8642-FDADF82CCF89}"
EndProject
Global
	GlobalSection(SolutionConfigurationPlatforms) = preSolution
		Debug|Any CPU = Debug|Any CPU
		Release|Any CPU = Release|Any CPU
	EndGlobalSection
	GlobalSection(ProjectConfigurationPlatforms) = postSolution
		{98418BA4-9109-430B-8642-FDADF82CCF89}.Debug|Any CPU.ActiveCfg = Debug|Any CPU
		{98418BA4-9109-430B-8642-FDADF82CCF89}.Debug|Any CPU.Build.0 = Debug|Any CPU
		{98418BA4-9109-430B-8642-FDADF82CCF89}.Release|Any CPU.ActiveCfg = Release|Any CPU
		{98418BA4-9109-430B-8642-FDADF82CCF89}.Release|Any CPU.Build.0 = Release|Any CPU
	EndGlobalSection
	GlobalSection(SolutionProperties) = preSolution
		HideSolutionNode = FALSE
	EndGlobalSection
	GlobalSection(ExtensibilityGlobals) = postSolution
		SolutionGuid = {4B91D467-8BB5-46B1-946D-4F144DB4149B}
	EndGlobalSection
EndGlobal
